// !$*UTF8*$!
{
	archiveVersion = 1;
	classes = {
	};
	objectVersion = 56;
	objects = {

/* Begin PBXBuildFile section */
		D88CEF7B2B7BD38400661908 /* Country_Flag_Game_2App.swift in Sources */ = {isa = PBXBuildFile; fileRef = D88CEF7A2B7BD38400661908 /* Country_Flag_Game_2App.swift */; };
		D88CEF7D2B7BD38400661908 /* ContentView.swift in Sources */ = {isa = PBXBuildFile; fileRef = D88CEF7C2B7BD38400661908 /* ContentView.swift */; };
		D88CEF7F2B7BD38500661908 /* Assets.xcassets in Resources */ = {isa = PBXBuildFile; fileRef = D88CEF7E2B7BD38500661908 /* Assets.xcassets */; };
		D88CEF822B7BD38500661908 /* Preview Assets.xcassets in Resources */ = {isa = PBXBuildFile; fileRef = D88CEF812B7BD38500661908 /* Preview Assets.xcassets */; };
		D88CEF8B2B7BD43400661908 /* QuestionView.swift in Sources */ = {isa = PBXBuildFile; fileRef = D88CEF8A2B7BD43400661908 /* QuestionView.swift */; };
		D88CEF8E2B7BD4B800661908 /* CustomButton.swift in Sources */ = {isa = PBXBuildFile; fileRef = D88CEF8D2B7BD4B800661908 /* CustomButton.swift */; };
		D88CEF902B7BD4DA00661908 /* ProgressBar.swift in Sources */ = {isa = PBXBuildFile; fileRef = D88CEF8F2B7BD4DA00661908 /* ProgressBar.swift */; };
		D88CEF922B7BD4FA00661908 /* AnswerRow.swift in Sources */ = {isa = PBXBuildFile; fileRef = D88CEF912B7BD4FA00661908 /* AnswerRow.swift */; };
		D88CEF962B7BD57500661908 /* Question.swift in Sources */ = {isa = PBXBuildFile; fileRef = D88CEF952B7BD57500661908 /* Question.swift */; };
		D88CEF982B7BD59100661908 /* Data.swift in Sources */ = {isa = PBXBuildFile; fileRef = D88CEF972B7BD59100661908 /* Data.swift */; };
		D88CEF9A2B7BD5B200661908 /* GameManager.swift in Sources */ = {isa = PBXBuildFile; fileRef = D88CEF992B7BD5B200661908 /* GameManager.swift */; };
/* End PBXBuildFile section */

/* Begin PBXFileReference section */
		D88CEF772B7BD38400661908 /* Country Flag Game 2.app */ = {isa = PBXFileReference; explicitFileType = wrapper.application; includeInIndex = 0; path = "Country Flag Game 2.app"; sourceTree = BUILT_PRODUCTS_DIR; };
		D88CEF7A2B7BD38400661908 /* Country_Flag_Game_2App.swift */ = {isa = PBXFileReference; lastKnownFileType = sourcecode.swift; path = Country_Flag_Game_2App.swift; sourceTree = "<group>"; };
		D88CEF7C2B7BD38400661908 /* ContentView.swift */ = {isa = PBXFileReference; lastKnownFileType = sourcecode.swift; path = ContentView.swift; sourceTree = "<group>"; };
		D88CEF7E2B7BD38500661908 /* Assets.xcassets */ = {isa = PBXFileReference; lastKnownFileType = folder.assetcatalog; path = Assets.xcassets; sourceTree = "<group>"; };
		D88CEF812B7BD38500661908 /* Preview Assets.xcassets */ = {isa = PBXFileReference; lastKnownFileType = folder.assetcatalog; path = "Preview Assets.xcassets"; sourceTree = "<group>"; };
		D88CEF8A2B7BD43400661908 /* QuestionView.swift */ = {isa = PBXFileReference; lastKnownFileType = sourcecode.swift; path = QuestionView.swift; sourceTree = "<group>"; };
		D88CEF8D2B7BD4B800661908 /* CustomButton.swift */ = {isa = PBXFileReference; lastKnownFileType = sourcecode.swift; path = CustomButton.swift; sourceTree = "<group>"; };
		D88CEF8F2B7BD4DA00661908 /* ProgressBar.swift */ = {isa = PBXFileReference; lastKnownFileType = sourcecode.swift; path = ProgressBar.swift; sourceTree = "<group>"; };
		D88CEF912B7BD4FA00661908 /* AnswerRow.swift */ = {isa = PBXFileReference; lastKnownFileType = sourcecode.swift; path = AnswerRow.swift; sourceTree = "<group>"; };
		D88CEF952B7BD57500661908 /* Question.swift */ = {isa = PBXFileReference; lastKnownFileType = sourcecode.swift; path = Question.swift; sourceTree = "<group>"; };
		D88CEF972B7BD59100661908 /* Data.swift */ = {isa = PBXFileReference; lastKnownFileType = sourcecode.swift; path = Data.swift; sourceTree = "<group>"; };
		D88CEF992B7BD5B200661908 /* GameManager.swift */ = {isa = PBXFileReference; lastKnownFileType = sourcecode.swift; path = GameManager.swift; sourceTree = "<group>"; };
/* End PBXFileReference section */

/* Begin PBXFrameworksBuildPhase section */
		D88CEF742B7BD38400661908 /* Frameworks */ = {
			isa = PBXFrameworksBuildPhase;
			buildActionMask = 2147483647;
			files = (
			);
			runOnlyForDeploymentPostprocessing = 0;
		};
/* End PBXFrameworksBuildPhase section */

/* Begin PBXGroup section */
		D88CEF6E2B7BD38400661908 = {
			isa = PBXGroup;
			children = (
				D88CEF792B7BD38400661908 /* Country Flag Game 2 */,
				D88CEF782B7BD38400661908 /* Products */,
			);
			sourceTree = "<group>";
		};
		D88CEF782B7BD38400661908 /* Products */ = {
			isa = PBXGroup;
			children = (
				D88CEF772B7BD38400661908 /* Country Flag Game 2.app */,
			);
			name = Products;
			sourceTree = "<group>";
		};
		D88CEF792B7BD38400661908 /* Country Flag Game 2 */ = {
			isa = PBXGroup;
			children = (
				D88CEF7A2B7BD38400661908 /* Country_Flag_Game_2App.swift */,
				D88CEF802B7BD38500661908 /* Preview Content */,
				D88CEF892B7BD3F300661908 /* Views */,
				D88CEF8C2B7BD49B00661908 /* Components */,
				D88CEF942B7BD56400661908 /* Models */,
				D88CEF7E2B7BD38500661908 /* Assets.xcassets */,
			);
			path = "Country Flag Game 2";
			sourceTree = "<group>";
		};
		D88CEF802B7BD38500661908 /* Preview Content */ = {
			isa = PBXGroup;
			children = (
				D88CEF812B7BD38500661908 /* Preview Assets.xcassets */,
			);
			path = "Preview Content";
			sourceTree = "<group>";
		};
		D88CEF892B7BD3F300661908 /* Views */ = {
			isa = PBXGroup;
			children = (
				D88CEF7C2B7BD38400661908 /* ContentView.swift */,
				D88CEF8A2B7BD43400661908 /* QuestionView.swift */,
			);
			path = Views;
			sourceTree = "<group>";
		};
		D88CEF8C2B7BD49B00661908 /* Components */ = {
			isa = PBXGroup;
			children = (
				D88CEF8D2B7BD4B800661908 /* CustomButton.swift */,
				D88CEF8F2B7BD4DA00661908 /* ProgressBar.swift */,
				D88CEF912B7BD4FA00661908 /* AnswerRow.swift */,
			);
			path = Components;
			sourceTree = "<group>";
		};
		D88CEF942B7BD56400661908 /* Models */ = {
			isa = PBXGroup;
			children = (
				D88CEF952B7BD57500661908 /* Question.swift */,
				D88CEF972B7BD59100661908 /* Data.swift */,
				D88CEF992B7BD5B200661908 /* GameManager.swift */,
			);
			path = Models;
			sourceTree = "<group>";
		};
/* End PBXGroup section */

/* Begin PBXNativeTarget section */
		D88CEF762B7BD38400661908 /* Country Flag Game 2 */ = {
			isa = PBXNativeTarget;
			buildConfigurationList = D88CEF852B7BD38500661908 /* Build configuration list for PBXNativeTarget "Country Flag Game 2" */;
			buildPhases = (
				D88CEF732B7BD38400661908 /* Sources */,
				D88CEF742B7BD38400661908 /* Frameworks */,
				D88CEF752B7BD38400661908 /* Resources */,
			);
			buildRules = (
			);
			dependencies = (
			);
			name = "Country Flag Game 2";
			productName = "Country Flag Game 2";
			productReference = D88CEF772B7BD38400661908 /* Country Flag Game 2.app */;
			productType = "com.apple.product-type.application";
		};
/* End PBXNativeTarget section */

/* Begin PBXProject section */
		D88CEF6F2B7BD38400661908 /* Project object */ = {
			isa = PBXProject;
			attributes = {
				BuildIndependentTargetsInParallel = 1;
				LastSwiftUpdateCheck = 1520;
				LastUpgradeCheck = 1520;
				TargetAttributes = {
					D88CEF762B7BD38400661908 = {
						CreatedOnToolsVersion = 15.2;
					};
				};
			};
			buildConfigurationList = D88CEF722B7BD38400661908 /* Build configuration list for PBXProject "Country Flag Game 2" */;
			compatibilityVersion = "Xcode 14.0";
			developmentRegion = en;
			hasScannedForEncodings = 0;
			knownRegions = (
				en,
				Base,
			);
			mainGroup = D88CEF6E2B7BD38400661908;
			productRefGroup = D88CEF782B7BD38400661908 /* Products */;
			projectDirPath = "";
			projectRoot = "";
			targets = (
				D88CEF762B7BD38400661908 /* Country Flag Game 2 */,
			);
		};
/* End PBXProject section */

/* Begin PBXResourcesBuildPhase section */
		D88CEF752B7BD38400661908 /* Resources */ = {
			isa = PBXResourcesBuildPhase;
			buildActionMask = 2147483647;
			files = (
				D88CEF822B7BD38500661908 /* Preview Assets.xcassets in Resources */,
				D88CEF7F2B7BD38500661908 /* Assets.xcassets in Resources */,
			);
			runOnlyForDeploymentPostprocessing = 0;
		};
/* End PBXResourcesBuildPhase section */

/* Begin PBXSourcesBuildPhase section */
		D88CEF732B7BD38400661908 /* Sources */ = {
			isa = PBXSourcesBuildPhase;
			buildActionMask = 2147483647;
			files = (
				D88CEF8E2B7BD4B800661908 /* CustomButton.swift in Sources */,
				D88CEF9A2B7BD5B200661908 /* GameManager.swift in Sources */,
				D88CEF7D2B7BD38400661908 /* ContentView.swift in Sources */,
				D88CEF8B2B7BD43400661908 /* QuestionView.swift in Sources */,
				D88CEF902B7BD4DA00661908 /* ProgressBar.swift in Sources */,
				D88CEF922B7BD4FA00661908 /* AnswerRow.swift in Sources */,
				D88CEF962B7BD57500661908 /* Question.swift in Sources */,
				D88CEF7B2B7BD38400661908 /* Country_Flag_Game_2App.swift in Sources */,
				D88CEF982B7BD59100661908 /* Data.swift in Sources */,
			);
			runOnlyForDeploymentPostprocessing = 0;
		};
/* End PBXSourcesBuildPhase section */

/* Begin XCBuildConfiguration section */
		D88CEF832B7BD38500661908 /* Debug */ = {
			isa = XCBuildConfiguration;
			buildSettings = {
				ALWAYS_SEARCH_USER_PATHS = NO;
				ASSETCATALOG_COMPILER_GENERATE_SWIFT_ASSET_SYMBOL_EXTENSIONS = YES;
				CLANG_ANALYZER_NONNULL = YES;
				CLANG_ANALYZER_NUMBER_OBJECT_CONVERSION = YES_AGGRESSIVE;
				CLANG_CXX_LANGUAGE_STANDARD = "gnu++20";
				CLANG_ENABLE_MODULES = YES;
				CLANG_ENABLE_OBJC_ARC = YES;
				CLANG_ENABLE_OBJC_WEAK = YES;
				CLANG_WARN_BLOCK_CAPTURE_AUTORELEASING = YES;
				CLANG_WARN_BOOL_CONVERSION = YES;
				CLANG_WARN_COMMA = YES;
				CLANG_WARN_CONSTANT_CONVERSION = YES;
				CLANG_WARN_DEPRECATED_OBJC_IMPLEMENTATIONS = YES;
				CLANG_WARN_DIRECT_OBJC_ISA_USAGE = YES_ERROR;
				CLANG_WARN_DOCUMENTATION_COMMENTS = YES;
				CLANG_WARN_EMPTY_BODY = YES;
				CLANG_WARN_ENUM_CONVERSION = YES;
				CLANG_WARN_INFINITE_RECURSION = YES;
				CLANG_WARN_INT_CONVERSION = YES;
				CLANG_WARN_NON_LITERAL_NULL_CONVERSION = YES;
				CLANG_WARN_OBJC_IMPLICIT_RETAIN_SELF = YES;
				CLANG_WARN_OBJC_LITERAL_CONVERSION = YES;
				CLANG_WARN_OBJC_ROOT_CLASS = YES_ERROR;
				CLANG_WARN_QUOTED_INCLUDE_IN_FRAMEWORK_HEADER = YES;
				CLANG_WARN_RANGE_LOOP_ANALYSIS = YES;
				CLANG_WARN_STRICT_PROTOTYPES = YES;
				CLANG_WARN_SUSPICIOUS_MOVE = YES;
				CLANG_WARN_UNGUARDED_AVAILABILITY = YES_AGGRESSIVE;
				CLANG_WARN_UNREACHABLE_CODE = YES;
				CLANG_WARN__DUPLICATE_METHOD_MATCH = YES;
				COPY_PHASE_STRIP = NO;
				DEBUG_INFORMATION_FORMAT = dwarf;
				ENABLE_STRICT_OBJC_MSGSEND = YES;
				ENABLE_TESTABILITY = YES;
				ENABLE_USER_SCRIPT_SANDBOXING = YES;
				GCC_C_LANGUAGE_STANDARD = gnu17;
				GCC_DYNAMIC_NO_PIC = NO;
				GCC_NO_COMMON_BLOCKS = YES;
				GCC_OPTIMIZATION_LEVEL = 0;
				GCC_PREPROCESSOR_DEFINITIONS = (
					"DEBUG=1",
					"$(inherited)",
				);
				GCC_WARN_64_TO_32_BIT_CONVERSION = YES;
				GCC_WARN_ABOUT_RETURN_TYPE = YES_ERROR;
				GCC_WARN_UNDECLARED_SELECTOR = YES;
				GCC_WARN_UNINITIALIZED_AUTOS = YES_AGGRESSIVE;
				GCC_WARN_UNUSED_FUNCTION = YES;
				GCC_WARN_UNUSED_VARIABLE = YES;
				IPHONEOS_DEPLOYMENT_TARGET = 17.2;
				LOCALIZATION_PREFERS_STRING_CATALOGS = YES;
				MTL_ENABLE_DEBUG_INFO = INCLUDE_SOURCE;
				MTL_FAST_MATH = YES;
				ONLY_ACTIVE_ARCH = YES;
				SDKROOT = iphoneos;
				SWIFT_ACTIVE_COMPILATION_CONDITIONS = "DEBUG $(inherited)";
				SWIFT_OPTIMIZATION_LEVEL = "-Onone";
			};
			name = Debug;
		};
		D88CEF842B7BD38500661908 /* Release */ = {
			isa = XCBuildConfiguration;
			buildSettings = {
				ALWAYS_SEARCH_USER_PATHS = NO;
				ASSETCATALOG_COMPILER_GENERATE_SWIFT_ASSET_SYMBOL_EXTENSIONS = YES;
				CLANG_ANALYZER_NONNULL = YES;
				CLANG_ANALYZER_NUMBER_OBJECT_CONVERSION = YES_AGGRESSIVE;
				CLANG_CXX_LANGUAGE_STANDARD = "gnu++20";
				CLANG_ENABLE_MODULES = YES;
				CLANG_ENABLE_OBJC_ARC = YES;
				CLANG_ENABLE_OBJC_WEAK = YES;
				CLANG_WARN_BLOCK_CAPTURE_AUTORELEASING = YES;
				CLANG_WARN_BOOL_CONVERSION = YES;
				CLANG_WARN_COMMA = YES;
				CLANG_WARN_CONSTANT_CONVERSION = YES;
				CLANG_WARN_DEPRECATED_OBJC_IMPLEMENTATIONS = YES;
				CLANG_WARN_DIRECT_OBJC_ISA_USAGE = YES_ERROR;
				CLANG_WARN_DOCUMENTATION_COMMENTS = YES;
				CLANG_WARN_EMPTY_BODY = YES;
				CLANG_WARN_ENUM_CONVERSION = YES;
				CLANG_WARN_INFINITE_RECURSION = YES;
				CLANG_WARN_INT_CONVERSION = YES;
				CLANG_WARN_NON_LITERAL_NULL_CONVERSION = YES;
				CLANG_WARN_OBJC_IMPLICIT_RETAIN_SELF = YES;
				CLANG_WARN_OBJC_LITERAL_CONVERSION = YES;
				CLANG_WARN_OBJC_ROOT_CLASS = YES_ERROR;
				CLANG_WARN_QUOTED_INCLUDE_IN_FRAMEWORK_HEADER = YES;
				CLANG_WARN_RANGE_LOOP_ANALYSIS = YES;
				CLANG_WARN_STRICT_PROTOTYPES = YES;
				CLANG_WARN_SUSPICIOUS_MOVE = YES;
				CLANG_WARN_UNGUARDED_AVAILABILITY = YES_AGGRESSIVE;
				CLANG_WARN_UNREACHABLE_CODE = YES;
				CLANG_WARN__DUPLICATE_METHOD_MATCH = YES;
				COPY_PHASE_STRIP = NO;
				DEBUG_INFORMATION_FORMAT = "dwarf-with-dsym";
				ENABLE_NS_ASSERTIONS = NO;
				ENABLE_STRICT_OBJC_MSGSEND = YES;
				ENABLE_USER_SCRIPT_SANDBOXING = YES;
				GCC_C_LANGUAGE_STANDARD = gnu17;
				GCC_NO_COMMON_BLOCKS = YES;
				GCC_WARN_64_TO_32_BIT_CONVERSION = YES;
				GCC_WARN_ABOUT_RETURN_TYPE = YES_ERROR;
				GCC_WARN_UNDECLARED_SELECTOR = YES;
				GCC_WARN_UNINITIALIZED_AUTOS = YES_AGGRESSIVE;
				GCC_WARN_UNUSED_FUNCTION = YES;
				GCC_WARN_UNUSED_VARIABLE = YES;
				IPHONEOS_DEPLOYMENT_TARGET = 17.2;
				LOCALIZATION_PREFERS_STRING_CATALOGS = YES;
				MTL_ENABLE_DEBUG_INFO = NO;
				MTL_FAST_MATH = YES;
				SDKROOT = iphoneos;
				SWIFT_COMPILATION_MODE = wholemodule;
				VALIDATE_PRODUCT = YES;
			};
			name = Release;
		};
		D88CEF862B7BD38500661908 /* Debug */ = {
			isa = XCBuildConfiguration;
			buildSettings = {
				ASSETCATALOG_COMPILER_APPICON_NAME = AppIcon;
				ASSETCATALOG_COMPILER_GLOBAL_ACCENT_COLOR_NAME = AccentColor;
				CODE_SIGN_STYLE = Automatic;
				CURRENT_PROJECT_VERSION = 1;
				DEVELOPMENT_ASSET_PATHS = "\"Country Flag Game 2/Preview Content\"";
				DEVELOPMENT_TEAM = Y747TT5ZQQ;
				ENABLE_PREVIEWS = YES;
				GENERATE_INFOPLIST_FILE = YES;
				INFOPLIST_KEY_UIApplicationSceneManifest_Generation = YES;
				INFOPLIST_KEY_UIApplicationSupportsIndirectInputEvents = YES;
				INFOPLIST_KEY_UILaunchScreen_Generation = YES;
				INFOPLIST_KEY_UISupportedInterfaceOrientations_iPad = "UIInterfaceOrientationPortrait UIInterfaceOrientationPortraitUpsideDown UIInterfaceOrientationLandscapeLeft UIInterfaceOrientationLandscapeRight";
				INFOPLIST_KEY_UISupportedInterfaceOrientations_iPhone = "UIInterfaceOrientationPortrait UIInterfaceOrientationLandscapeLeft UIInterfaceOrientationLandscapeRight";
				LD_RUNPATH_SEARCH_PATHS = (
					"$(inherited)",
					"@executable_path/Frameworks",
				);
				MARKETING_VERSION = 1.0;
				PRODUCT_BUNDLE_IDENTIFIER = "JV-Software.Country-Flag-Game-2";
				PRODUCT_NAME = "$(TARGET_NAME)";
				SWIFT_EMIT_LOC_STRINGS = YES;
				SWIFT_VERSION = 5.0;
				TARGETED_DEVICE_FAMILY = "1,2";
			};
			name = Debug;
		};
		D88CEF872B7BD38500661908 /* Release */ = {
			isa = XCBuildConfiguration;
			buildSettings = {
				ASSETCATALOG_COMPILER_APPICON_NAME = AppIcon;
				ASSETCATALOG_COMPILER_GLOBAL_ACCENT_COLOR_NAME = AccentColor;
				CODE_SIGN_STYLE = Automatic;
				CURRENT_PROJECT_VERSION = 1;
				DEVELOPMENT_ASSET_PATHS = "\"Country Flag Game 2/Preview Content\"";
				DEVELOPMENT_TEAM = Y747TT5ZQQ;
				ENABLE_PREVIEWS = YES;
				GENERATE_INFOPLIST_FILE = YES;
				INFOPLIST_KEY_UIApplicationSceneManifest_Generation = YES;
				INFOPLIST_KEY_UIApplicationSupportsIndirectInputEvents = YES;
				INFOPLIST_KEY_UILaunchScreen_Generation = YES;
				INFOPLIST_KEY_UISupportedInterfaceOrientations_iPad = "UIInterfaceOrientationPortrait UIInterfaceOrientationPortraitUpsideDown UIInterfaceOrientationLandscapeLeft UIInterfaceOrientationLandscapeRight";
				INFOPLIST_KEY_UISupportedInterfaceOrientations_iPhone = "UIInterfaceOrientationPortrait UIInterfaceOrientationLandscapeLeft UIInterfaceOrientationLandscapeRight";
				LD_RUNPATH_SEARCH_PATHS = (
					"$(inherited)",
					"@executable_path/Frameworks",
				);
				MARKETING_VERSION = 1.0;
				PRODUCT_BUNDLE_IDENTIFIER = "JV-Software.Country-Flag-Game-2";
				PRODUCT_NAME = "$(TARGET_NAME)";
				SWIFT_EMIT_LOC_STRINGS = YES;
				SWIFT_VERSION = 5.0;
				TARGETED_DEVICE_FAMILY = "1,2";
			};
			name = Release;
		};
/* End XCBuildConfiguration section */

/* Begin XCConfigurationList section */
		D88CEF722B7BD38400661908 /* Build configuration list for PBXProject "Country Flag Game 2" */ = {
			isa = XCConfigurationList;
			buildConfigurations = (
				D88CEF832B7BD38500661908 /* Debug */,
				D88CEF842B7BD38500661908 /* Release */,
			);
			defaultConfigurationIsVisible = 0;
			defaultConfigurationName = Release;
		};
		D88CEF852B7BD38500661908 /* Build configuration list for PBXNativeTarget "Country Flag Game 2" */ = {
			isa = XCConfigurationList;
			buildConfigurations = (
				D88CEF862B7BD38500661908 /* Debug */,
				D88CEF872B7BD38500661908 /* Release */,
			);
			defaultConfigurationIsVisible = 0;
			defaultConfigurationName = Release;
		};
/* End XCConfigurationList section */
	};
	rootObject = D88CEF6F2B7BD38400661908 /* Project object */;
}
